
Microsoft Visual Studio Solution File, Format Version 12.00
# Visual Studio Version 17
VisualStudioVersion = 17.14.36915.13 d17.14
MinimumVisualStudioVersion = 10.0.40219.1
Project("{FAE04EC0-301F-11D3-BF4B-00C04F79EFBC}") = "part3", "part3\part3.csproj", "{A598DC44-87AD-44F3-9784-1665384FF416}"
EndProject
Global
	GlobalSection(SolutionConfigurationPlatforms) = preSolution
		Debug|Any CPU = Debug|Any CPU
		Release|Any CPU = Release|Any CPU
	EndGlobalSection
	GlobalSection(ProjectConfigurationPlatforms) = postSolution
		{A598DC44-87AD-44F3-9784-1665384FF416}.Debug|Any CPU.ActiveCfg = Debug|Any CPU
		{A598DC44-87AD-44F3-9784-1665384FF416}.Debug|Any CPU.Build.0 = Debug|Any CPU
		{A598DC44-87AD-44F3-9784-1665384FF416}.Release|Any CPU.ActiveCfg = Release|Any CPU
		{A598DC44-87AD-44F3-9784-1665384FF416}.Release|Any CPU.Build.0 = Release|Any CPU
	EndGlobalSection
	GlobalSection(SolutionProperties) = preSolution
		HideSolutionNode = FALSE
	EndGlobalSection
	GlobalSection(ExtensibilityGlobals) = postSolution
		SolutionGuid = {15675D15-F126-4A97-8AC1-794DAFF3422D}
	EndGlobalSection
EndGlobal
